PODS:
  - entervoCheckoutPlugin (1.0.64)

DEPENDENCIES:
  - entervoCheckoutPlugin

SPEC REPOS:
  https://github.com/cocoapods/specs.git:
    - entervoCheckoutPlugin

SPEC CHECKSUMS:
  entervoCheckoutPlugin: d7690b344ba7193423f32cc2923e6eaca3059068

PODFILE CHECKSUM: 42371b9e37cc032020eafb433338faa4b0eeb0d7

COCOAPODS: 1.6.0
